version = 1
revision = 3
requires-python = ">=3.14.0"

[options]
exclude-newer = "2026-05-11T08:43:13.207145542Z"
exclude-newer-span = "P7D"

[[package]]
name = "markdown-it-py"
version = "4.2.0"
source = { registry = "https://pypi.org/simple" }
dependencies = [
    { name = "mdurl" },
]
sdist = { url = "https://files.pythonhosted.org/packages/06/ff/7841249c247aa650a76b9ee4bbaeae59370dc8bfd2f6c01f3630c35eb134/markdown_it_py-4.2.0.tar.gz", hash = "sha256:04a21681d6fbb623de53f6f364d352309d4094dd4194040a10fd51833e418d49", size = 82454, upload-time = "2026-05-07T12:08:28.36Z" }
wheels = [
    { url = "https://files.pythonhosted.org/packages/b3/81/4da04ced5a082363ecfa159c010d200ecbd959ae410c10c0264a38cac0f5/markdown_it_py-4.2.0-py3-none-any.whl", hash = "sha256:9f7ebbcd14fe59494226453aed97c1070d83f8d24b6fc3a3bcf9a38092641c4a", size = 91687, upload-time = "2026-05-07T12:08:27.182Z" },
]

[[package]]
name = "mdformat"
version = "1.0.0"
source = { registry = "https://pypi.org/simple" }
dependencies = [
    { name = "markdown-it-py" },
]
sdist = { url = "https://files.pythonhosted.org/packages/3f/05/32b5e14b192b0a8a309f32232c580aefedd9d06017cb8fe8fce34bec654c/mdformat-1.0.0.tar.gz", hash = "sha256:4954045fcae797c29f86d4ad879e43bb151fa55dbaf74ac6eaeacf1d45bb3928", size = 56953, upload-time = "2025-10-16T12:05:03.695Z" }
wheels = [
    { url = "https://files.pythonhosted.org/packages/54/9a/8fe71b95985ca7a4001effbcc58e5a07a1f2a2884203f74dcf48a3b08315/mdformat-1.0.0-py3-none-any.whl", hash = "sha256:bca015d65a1d063a02e885a91daee303057bc7829c2cd37b2075a50dbb65944b", size = 53288, upload-time = "2025-10-16T12:05:02.607Z" },
]

[[package]]
name = "mdformat-gfm"
version = "1.0.0"
source = { registry = "https://pypi.org/simple" }
dependencies = [
    { name = "markdown-it-py" },
    { name = "mdformat" },
    { name = "mdit-py-plugins" },
    { name = "wcwidth" },
]
sdist = { url = "https://files.pythonhosted.org/packages/56/6f/a626ebb142a290474401b67e2d61e73ce096bf7798ee22dfe6270f924b3f/mdformat_gfm-1.0.0.tar.gz", hash = "sha256:d1d49a409a6acb774ce7635c72d69178df7dce1dc8cdd10e19f78e8e57b72623", size = 10112, upload-time = "2025-10-16T09:12:22.402Z" }
wheels = [
    { url = "https://files.pythonhosted.org/packages/e6/18/6bc2189b744dd383cad03764f41f30352b1278d2205096f77a29c0b327ad/mdformat_gfm-1.0.0-py3-none-any.whl", hash = "sha256:7305a50efd2a140d7c83505b58e3ac5df2b09e293f9bbe72f6c7bee8c678b005", size = 10970, upload-time = "2025-10-16T09:12:21.276Z" },
]

[[package]]
name = "mdit-py-plugins"
version = "0.6.0"
source = { registry = "https://pypi.org/simple" }
dependencies = [
    { name = "markdown-it-py" },
]
sdist = { url = "https://files.pythonhosted.org/packages/d8/3d/e0e8d9d1cee04f758120915e2b2a3a07eb41f8cf4654b4734788a522bcd1/mdit_py_plugins-0.6.0.tar.gz", hash = "sha256:2436f14a7295837ac9228a36feeabda867c4abc488c8d019ad5c0bda88eee040", size = 56025, upload-time = "2026-05-07T12:20:42.295Z" }
wheels = [
    { url = "https://files.pythonhosted.org/packages/71/d6/48f5b9e44e2e760855d7b489b1317cd7620e82dcb73197961e5cc1391348/mdit_py_plugins-0.6.0-py3-none-any.whl", hash = "sha256:f7e7a25d8b616fee99cb1e330da73451d11a8061baf39bb9663ab9ce0e005b90", size = 66655, upload-time = "2026-05-07T12:20:41.226Z" },
]

[[package]]
name = "mdurl"
version = "0.1.2"
source = { registry = "https://pypi.org/simple" }
sdist = { url = "https://files.pythonhosted.org/packages/d6/54/cfe61301667036ec958cb99bd3efefba235e65cdeb9c84d24a8293ba1d90/mdurl-0.1.2.tar.gz", hash = "sha256:bb413d29f5eea38f31dd4754dd7377d4465116fb207585f97bf925588687c1ba", size = 8729, upload-time = "2022-08-14T12:40:10.846Z" }
wheels = [
    { url = "https://files.pythonhosted.org/packages/b3/38/89ba8ad64ae25be8de66a6d463314cf1eb366222074cfda9ee839c56a4b4/mdurl-0.1.2-py3-none-any.whl", hash = "sha256:84008a41e51615a49fc9966191ff91509e3c40b939176e643fd50a5c2196b8f8", size = 9979, upload-time = "2022-08-14T12:40:09.779Z" },
]

[[package]]
name = "sil-q"
version = "1.5.1"
source = { virtual = "." }

[package.dev-dependencies]
dev = [
    { name = "mdformat" },
    { name = "mdformat-gfm" },
]

[package.metadata]

[package.metadata.requires-dev]
dev = [
    { name = "mdformat", specifier = ">=1.0.0" },
    { name = "mdformat-gfm", specifier = ">=1.0.0" },
]

[[package]]
name = "wcwidth"
version = "0.7.0"
source = { registry = "https://pypi.org/simple" }
sdist = { url = "https://files.pythonhosted.org/packages/2c/ee/afaf0f85a9a18fe47a67f1e4422ed6cf1fe642f0ae0a2f81166231303c52/wcwidth-0.7.0.tar.gz", hash = "sha256:90e3a7ea092341c44b99562e75d09e4d5160fe7a3974c6fb842a101a95e7eed0", size = 182132, upload-time = "2026-05-02T16:04:12.653Z" }
wheels = [
    { url = "https://files.pythonhosted.org/packages/41/52/e465037f5375f43533d1a80b6923955201596a99142ed524d77b571a1418/wcwidth-0.7.0-py3-none-any.whl", hash = "sha256:5d69154c429a82910e241c738cd0e2976fac8a2dd47a1a805f4afed1c0f136f2", size = 110825, upload-time = "2026-05-02T16:04:11.033Z" },
]
